{
  "name": "agentpay",
  "version": "0.0.0",
  "lockfileVersion": 3,
  "requires": true,
  "packages": {
    "": {
      "name": "agentpay",
      "version": "0.0.0",
      "workspaces": [
        "packages/*",
        "apps/*"
      ],
      "devDependencies": {
        "typescript": "^5.6.3"
      },
      "engines": {
        "node": ">=22.0.0"
      }
    },
    "apps/dashboard": {
      "name": "@agentpay/dashboard",
      "version": "0.0.0"
    },
    "apps/marketplace": {
      "name": "@agentpay/marketplace",
      "version": "0.0.0"
    },
    "node_modules/@agentpay/dashboard": {
      "resolved": "apps/dashboard",
      "link": true
    },
    "node_modules/@agentpay/db": {
      "resolved": "packages/db",
      "link": true
    },
    "node_modules/@agentpay/gateway": {
      "resolved": "packages/gateway",
      "link": true
    },
    "node_modules/@agentpay/marketplace": {
      "resolved": "apps/marketplace",
      "link": true
    },
    "node_modules/@agentpay/sdk": {
      "resolved": "packages/sdk",
      "link": true
    },
    "node_modules/typescript": {
      "version": "5.9.3",
      "resolved": "https://registry.npmjs.org/typescript/-/typescript-5.9.3.tgz",
      "integrity": "sha512-jl1vZzPDinLr9eUt3J/t7V6FgNEw9QjvBPdysz9KfQDD41fQrC2Y4vKQdiaUpFT4bXlb1RHhLpp8wtm6M5TgSw==",
      "dev": true,
      "license": "Apache-2.0",
      "bin": {
        "tsc": "bin/tsc",
        "tsserver": "bin/tsserver"
      },
      "engines": {
        "node": ">=14.17"
      }
    },
    "packages/db": {
      "name": "@agentpay/db",
      "version": "0.0.0"
    },
    "packages/gateway": {
      "name": "@agentpay/gateway",
      "version": "0.0.0"
    },
    "packages/sdk": {
      "name": "@agentpay/sdk",
      "version": "0.0.0"
    }
  }
}
